
Microsoft Visual Studio Solution File, Format Version 12.00
# Visual Studio Version 17
VisualStudioVersion = 17.9.34723.18
MinimumVisualStudioVersion = 10.0.40219.1
Project("{FAE04EC0-301F-11D3-BF4B-00C04F79EFBC}") = "FileConverter", "FileConverter\FileConverter.csproj", "{EF058626-B086-4620-B680-3F2A4EF3BD3B}"
EndProject
Global
	GlobalSection(SolutionConfigurationPlatforms) = preSolution
		Debug|Any CPU = Debug|Any CPU
		Release|Any CPU = Release|Any CPU
	EndGlobalSection
	GlobalSection(ProjectConfigurationPlatforms) = postSolution
		{EF058626-B086-4620-B680-3F2A4EF3BD3B}.Debug|Any CPU.ActiveCfg = Debug|Any CPU
		{EF058626-B086-4620-B680-3F2A4EF3BD3B}.Debug|Any CPU.Build.0 = Debug|Any CPU
		{EF058626-B086-4620-B680-3F2A4EF3BD3B}.Release|Any CPU.ActiveCfg = Release|Any CPU
		{EF058626-B086-4620-B680-3F2A4EF3BD3B}.Release|Any CPU.Build.0 = Release|Any CPU
	EndGlobalSection
	GlobalSection(SolutionProperties) = preSolution
		HideSolutionNode = FALSE
	EndGlobalSection
	GlobalSection(ExtensibilityGlobals) = postSolution
		SolutionGuid = {EB638183-9A67-4E52-8542-17B840D8E3AD}
	EndGlobalSection
EndGlobal
